<?xml version="1.0" encoding="utf-8"?>
<Project ToolsVersion="4.0" xmlns="http://schemas.microsoft.com/developer/msbuild/2003">
  <ItemGroup>
    <Filter Include="源文件">
      <UniqueIdentifier>{4FC737F1-C7A5-4376-A066-2A32D752A2FF}</UniqueIdentifier>
      <Extensions>cpp;c;cc;cxx;def;odl;idl;hpj;bat;asm;asmx</Extensions>
    </Filter>
    <Filter Include="头文件">
      <UniqueIdentifier>{93995380-89BD-4b04-88EB-625FBE52EBFB}</UniqueIdentifier>
      <Extensions>h;hh;hpp;hxx;hm;inl;inc;xsd</Extensions>
    </Filter>
    <Filter Include="资源文件">
      <UniqueIdentifier>{67DA6AB6-F800-4c08-8B7A-83BB121AAD01}</UniqueIdentifier>
      <Extensions>rc;ico;cur;bmp;dlg;rc2;rct;bin;rgs;gif;jpg;jpeg;jpe;resx;tiff;tif;png;wav;mfcribbon-ms</Extensions>
    </Filter>
    <Filter Include="ITask">
      <UniqueIdentifier>{59af86e4-3965-443e-93e0-8f5d1654f14d}</UniqueIdentifier>
    </Filter>
    <Filter Include="ThreadPool">
      <UniqueIdentifier>{2980ef3d-08c2-421c-8e29-958d56cfefca}</UniqueIdentifier>
    </Filter>
    <Filter Include="ITask\TaskManager">
      <UniqueIdentifier>{dd6a011e-9ca0-44b8-9f4f-7215ea65bbf1}</UniqueIdentifier>
    </Filter>
    <Filter Include="SockerManager">
      <UniqueIdentifier>{19eb1396-4c3b-4474-8a41-a272b52ced08}</UniqueIdentifier>
    </Filter>
  </ItemGroup>
  <ItemGroup>
    <Text Include="ReadMe.txt" />
  </ItemGroup>
  <ItemGroup>
    <ClInclude Include="stdafx.h">
      <Filter>头文件</Filter>
    </ClInclude>
    <ClInclude Include="targetver.h">
      <Filter>头文件</Filter>
    </ClInclude>
    <ClInclude Include="Resource.h">
      <Filter>头文件</Filter>
    </ClInclude>
    <ClInclude Include="BusinessLogicLayer2.h">
      <Filter>头文件</Filter>
    </ClInclude>
    <ClInclude Include="ITask.h">
      <Filter>ITask</Filter>
    </ClInclude>
    <ClInclude Include="TaskManager.h">
      <Filter>ITask\TaskManager</Filter>
    </ClInclude>
    <ClInclude Include="TheadPool.h">
      <Filter>ThreadPool</Filter>
    </ClInclude>
    <ClInclude Include="SocketManager.h">
      <Filter>SockerManager</Filter>
    </ClInclude>
    <ClInclude Include="RecvTask.h">
      <Filter>头文件</Filter>
    </ClInclude>
    <ClInclude Include="..\..\Buff\Buffer.h">
      <Filter>头文件</Filter>
    </ClInclude>
    <ClInclude Include="SendTask.h">
      <Filter>头文件</Filter>
    </ClInclude>
  </ItemGroup>
  <ItemGroup>
    <ClCompile Include="stdafx.cpp">
      <Filter>源文件</Filter>
    </ClCompile>
    <ClCompile Include="BusinessLogicLayer2.cpp">
      <Filter>源文件</Filter>
    </ClCompile>
    <ClCompile Include="TaskManager.cpp">
      <Filter>ITask\TaskManager</Filter>
    </ClCompile>
    <ClCompile Include="TheadPool.cpp">
      <Filter>ThreadPool</Filter>
    </ClCompile>
    <ClCompile Include="SocketManager.cpp">
      <Filter>SockerManager</Filter>
    </ClCompile>
    <ClCompile Include="RecvTask.cpp">
      <Filter>源文件</Filter>
    </ClCompile>
    <ClCompile Include="..\..\Buff\Buffer.cpp">
      <Filter>源文件</Filter>
    </ClCompile>
    <ClCompile Include="SendTask.cpp">
      <Filter>源文件</Filter>
    </ClCompile>
  </ItemGroup>
  <ItemGroup>
    <ResourceCompile Include="BusinessLogicLayer2.rc">
      <Filter>资源文件</Filter>
    </ResourceCompile>
  </ItemGroup>
</Project>